
Microsoft Visual Studio Solution File, Format Version 12.00
# Visual Studio Version 17
VisualStudioVersion = 17.2.33214.139
MinimumVisualStudioVersion = 10.0.40219.1
Project("{FAE04EC0-301F-11D3-BF4B-00C04F79EFBC}") = "ZHG-PI", "ZHG-PI\ZHG-PI.csproj", "{4B0F84A3-DD34-4FDC-A1D2-91857721DC1F}"
EndProject
Global
	GlobalSection(SolutionConfigurationPlatforms) = preSolution
		Debug|Any CPU = Debug|Any CPU
		Release|Any CPU = Release|Any CPU
	EndGlobalSection
	GlobalSection(ProjectConfigurationPlatforms) = postSolution
		{4B0F84A3-DD34-4FDC-A1D2-91857721DC1F}.Debug|Any CPU.ActiveCfg = Debug|Any CPU
		{4B0F84A3-DD34-4FDC-A1D2-91857721DC1F}.Debug|Any CPU.Build.0 = Debug|Any CPU
		{4B0F84A3-DD34-4FDC-A1D2-91857721DC1F}.Release|Any CPU.ActiveCfg = Release|Any CPU
		{4B0F84A3-DD34-4FDC-A1D2-91857721DC1F}.Release|Any CPU.Build.0 = Release|Any CPU
	EndGlobalSection
	GlobalSection(SolutionProperties) = preSolution
		HideSolutionNode = FALSE
	EndGlobalSection
	GlobalSection(ExtensibilityGlobals) = postSolution
		SolutionGuid = {02B0CD95-4D88-4656-BAAA-F78140AAB784}
	EndGlobalSection
EndGlobal
